lockfileVersion: '9.0'

settings:
  autoInstallPeers: true
  excludeLinksFromLockfile: false

importers:

  .:
    dependencies:
      '@tauri-apps/plugin-shell':
        specifier: 2.0.0-rc.1
        version: 2.0.0-rc.1
    devDependencies:
      '@tauri-apps/cli':
        specifier: '>=2.0.0-rc.0'
        version: 2.0.0-rc.17

packages:

  '@tauri-apps/api@2.0.0-rc.6':
    resolution: {integrity: sha512-oENxL0C5WqHNSXWjZEbjnzoBwFFyn8do5S0elOg0ME1cLvWJOAKmqdCnWPpAwtzHQZ+xAzMU0/k8nPpJq4OQYA==}

  '@tauri-apps/cli-darwin-arm64@2.0.0-rc.17':
    resolution: {integrity: sha512-LXlLpavNfhvELPBcjCzQ9DOLx7rlAzZM4iltsaKawAewx30Q0EpIjK53Sg5AR3p5/KzNfCsTMjjpeUZg1AcFgw==}
    engines: {node: '>= 10'}
    cpu: [arm64]
    os: [darwin]

  '@tauri-apps/cli-darwin-x64@2.0.0-rc.17':
    resolution: {integrity: sha512-86jlpD9DQEMdPCu+foqady2Kov3u151Pgs1uOdA3SQxXph4L31T7j26axIhADLYZH6T1be+lSVPm6+fp0iXGgw==}
    engines: {node: '>= 10'}
    cpu: [x64]
    os: [darwin]

  '@tauri-apps/cli-linux-arm-gnueabihf@2.0.0-rc.17':
    resolution: {integrity: sha512-ZFZeVBFdM9ogNebqzU3vo6f662YwmnE5XzeT6UEKUy+df49Fw2Npebmg0t/BPoF9e/nEgK1w1Jy68aK2JISscg==}
    engines: {node: '>= 10'}
    cpu: [arm]
    os: [linux]

  '@tauri-apps/cli-linux-arm64-gnu@2.0.0-rc.17':
    resolution: {integrity: sha512-GvO7BNJL6y8CumvaidJ+cEXn0KRaCzhmwtrMfTEl9jsqhGYvmNXuOlZR41hgoy6CQtUiu11ZGoBtU37/lxEKaQ==}
    engines: {node: '>= 10'}
    cpu: [arm64]
    os: [linux]

  '@tauri-apps/cli-linux-arm64-musl@2.0.0-rc.17':
    resolution: {integrity: sha512-DypDS3rJjcKzpgZKqHsCrzVGDbjo17XcYNhAYd2VxvXmGVAq05eZ71jLYHSSofXTxbpLZMcGKaino0jKyX1mOA==}
    engines: {node: '>= 10'}
    cpu: [arm64]
    os: [linux]

  '@tauri-apps/cli-linux-x64-gnu@2.0.0-rc.17':
    resolution: {integrity: sha512-nKCAJtC4b9HnVpDsCVXASPEXOEIZb/HFmdRPuKiYXmpziL5OByCJLjhVx5EFhpVtqAg1isCmOutqKc8Nmw1QQQ==}
    engines: {node: '>= 10'}
    cpu: [x64]
    os: [linux]

  '@tauri-apps/cli-linux-x64-musl@2.0.0-rc.17':
    resolution: {integrity: sha512-cSi3M/hcNo+NubSKJG96Af6o6cL38RCvP0ImFiyIOU/adYmW0bQGWI4u/eL14IpdNCR1pbifgEcQL6dteyod0g==}
    engines: {node: '>= 10'}
    cpu: [x64]
    os: [linux]

  '@tauri-apps/cli-win32-arm64-msvc@2.0.0-rc.17':
    resolution: {integrity: sha512-hMtNtm2zXvUwzzTEJIf/GQplWHNLEeAjiLGaX9sS2Me96X/OzU1PUXcWTYdjVA102cf6q//0/pgpPo/Yn480KA==}
    engines: {node: '>= 10'}
    cpu: [arm64]
    os: [win32]

  '@tauri-apps/cli-win32-ia32-msvc@2.0.0-rc.17':
    resolution: {integrity: sha512-XO+zgvYvpz65aYbXMyFhej4Td5sEK7bSLPr2+8BigiI7F4tHaS7KJpYVtJtjHQtAo6KBy/bT8P9VW6xM4G+YVA==}
    engines: {node: '>= 10'}
    cpu: [ia32]
    os: [win32]

  '@tauri-apps/cli-win32-x64-msvc@2.0.0-rc.17':
    resolution: {integrity: sha512-sVV0o9careFJuL3fTtkp6ed8X4FGGfMyK1WbXR5ci4Z2dn94wIJuefzTnGaQnvur4PaEJQ9WmTlQ2Pe3UrokBQ==}
    engines: {node: '>= 10'}
    cpu: [x64]
    os: [win32]

  '@tauri-apps/cli@2.0.0-rc.17':
    resolution: {integrity: sha512-7YQljT+izYmhLqsI5G2xg3AHBPx3gAHc+gB/s+NKqdSL4CuGImLiii8Rw/qBtuJpWFWLJiaGXnpra35zrSlknQ==}
    engines: {node: '>= 10'}
    hasBin: true

  '@tauri-apps/plugin-shell@2.0.0-rc.1':
    resolution: {integrity: sha512-JtNROc0rqEwN/g93ig5pK4cl1vUo2yn+osCpY9de64cy/d9hRzof7AuYOgvt/Xcd5VPQmlgo2AGvUh5sQRSR1A==}

snapshots:

  '@tauri-apps/api@2.0.0-rc.6': {}

  '@tauri-apps/cli-darwin-arm64@2.0.0-rc.17':
    optional: true

  '@tauri-apps/cli-darwin-x64@2.0.0-rc.17':
    optional: true

  '@tauri-apps/cli-linux-arm-gnueabihf@2.0.0-rc.17':
    optional: true

  '@tauri-apps/cli-linux-arm64-gnu@2.0.0-rc.17':
    optional: true

  '@tauri-apps/cli-linux-arm64-musl@2.0.0-rc.17':
    optional: true

  '@tauri-apps/cli-linux-x64-gnu@2.0.0-rc.17':
    optional: true

  '@tauri-apps/cli-linux-x64-musl@2.0.0-rc.17':
    optional: true

  '@tauri-apps/cli-win32-arm64-msvc@2.0.0-rc.17':
    optional: true

  '@tauri-apps/cli-win32-ia32-msvc@2.0.0-rc.17':
    optional: true

  '@tauri-apps/cli-win32-x64-msvc@2.0.0-rc.17':
    optional: true

  '@tauri-apps/cli@2.0.0-rc.17':
    optionalDependencies:
      '@tauri-apps/cli-darwin-arm64': 2.0.0-rc.17
      '@tauri-apps/cli-darwin-x64': 2.0.0-rc.17
      '@tauri-apps/cli-linux-arm-gnueabihf': 2.0.0-rc.17
      '@tauri-apps/cli-linux-arm64-gnu': 2.0.0-rc.17
      '@tauri-apps/cli-linux-arm64-musl': 2.0.0-rc.17
      '@tauri-apps/cli-linux-x64-gnu': 2.0.0-rc.17
      '@tauri-apps/cli-linux-x64-musl': 2.0.0-rc.17
      '@tauri-apps/cli-win32-arm64-msvc': 2.0.0-rc.17
      '@tauri-apps/cli-win32-ia32-msvc': 2.0.0-rc.17
      '@tauri-apps/cli-win32-x64-msvc': 2.0.0-rc.17

  '@tauri-apps/plugin-shell@2.0.0-rc.1':
    dependencies:
      '@tauri-apps/api': 2.0.0-rc.6
